
Microsoft Visual Studio Solution File, Format Version 12.00
# Visual Studio Version 17
VisualStudioVersion = 17.11.35327.3
MinimumVisualStudioVersion = 10.0.40219.1
Project("{FAE04EC0-301F-11D3-BF4B-00C04F79EFBC}") = "chaknuul-services", "chaknuul-services.csproj", "{B7983F1C-4FCB-4F8E-84DD-FDA06B49AAA0}"
EndProject
Global
	GlobalSection(SolutionConfigurationPlatforms) = preSolution
		Debug|Any CPU = Debug|Any CPU
		Release|Any CPU = Release|Any CPU
	EndGlobalSection
	GlobalSection(ProjectConfigurationPlatforms) = postSolution
		{B7983F1C-4FCB-4F8E-84DD-FDA06B49AAA0}.Debug|Any CPU.ActiveCfg = Debug|Any CPU
		{B7983F1C-4FCB-4F8E-84DD-FDA06B49AAA0}.Debug|Any CPU.Build.0 = Debug|Any CPU
		{B7983F1C-4FCB-4F8E-84DD-FDA06B49AAA0}.Release|Any CPU.ActiveCfg = Release|Any CPU
		{B7983F1C-4FCB-4F8E-84DD-FDA06B49AAA0}.Release|Any CPU.Build.0 = Release|Any CPU
	EndGlobalSection
	GlobalSection(SolutionProperties) = preSolution
		HideSolutionNode = FALSE
	EndGlobalSection
	GlobalSection(ExtensibilityGlobals) = postSolution
		SolutionGuid = {67C09361-9090-443A-81D9-750CD240263E}
	EndGlobalSection
EndGlobal
